// !$*UTF8*$!
{
	archiveVersion = 1;
	classes = {
	};
	objectVersion = 50;
	objects = {

/* Begin PBXBuildFile section */
		84A00065846454210ECB44A6 /* Pods_testiOSappgit.framework in Frameworks */ = {isa = PBXBuildFile; fileRef = FD5572CE01F29B6DF9DD97AA /* Pods_testiOSappgit.framework */; };
		DF5BAE712575F52D004F4631 /* SearchVC.storyboard in Resources */ = {isa = PBXBuildFile; fileRef = DF5BAE702575F52D004F4631 /* SearchVC.storyboard */; };
		DF7E35742575EB97007C1B02 /* AppDelegate.swift in Sources */ = {isa = PBXBuildFile; fileRef = DF7E35732575EB97007C1B02 /* AppDelegate.swift */; };
		DF7E35762575EB97007C1B02 /* SceneDelegate.swift in Sources */ = {isa = PBXBuildFile; fileRef = DF7E35752575EB97007C1B02 /* SceneDelegate.swift */; };
		DF7E35782575EB97007C1B02 /* ViewController.swift in Sources */ = {isa = PBXBuildFile; fileRef = DF7E35772575EB97007C1B02 /* ViewController.swift */; };
		DF7E357B2575EB97007C1B02 /* Main.storyboard in Resources */ = {isa = PBXBuildFile; fileRef = DF7E35792575EB97007C1B02 /* Main.storyboard */; };
		DF7E357D2575EB99007C1B02 /* Assets.xcassets in Resources */ = {isa = PBXBuildFile; fileRef = DF7E357C2575EB99007C1B02 /* Assets.xcassets */; };
		DF7E35802575EB99007C1B02 /* LaunchScreen.storyboard in Resources */ = {isa = PBXBuildFile; fileRef = DF7E357E2575EB99007C1B02 /* LaunchScreen.storyboard */; };
/* End PBXBuildFile section */

/* Begin PBXFileReference section */
		741F7069D5067B75DF1E2350 /* Pods-testiOSappgit.debug.xcconfig */ = {isa = PBXFileReference; includeInIndex = 1; lastKnownFileType = text.xcconfig; name = "Pods-testiOSappgit.debug.xcconfig"; path = "Target Support Files/Pods-testiOSappgit/Pods-testiOSappgit.debug.xcconfig"; sourceTree = "<group>"; };
		74E21758E6CD1079C798823B /* Pods-testiOSappgit.release.xcconfig */ = {isa = PBXFileReference; includeInIndex = 1; lastKnownFileType = text.xcconfig; name = "Pods-testiOSappgit.release.xcconfig"; path = "Target Support Files/Pods-testiOSappgit/Pods-testiOSappgit.release.xcconfig"; sourceTree = "<group>"; };
		DF5BAE702575F52D004F4631 /* SearchVC.storyboard */ = {isa = PBXFileReference; lastKnownFileType = file.storyboard; path = SearchVC.storyboard; sourceTree = "<group>"; };
		DF7E35702575EB97007C1B02 /* testiOSappgit.app */ = {isa = PBXFileReference; explicitFileType = wrapper.application; includeInIndex = 0; path = testiOSappgit.app; sourceTree = BUILT_PRODUCTS_DIR; };
		DF7E35732575EB97007C1B02 /* AppDelegate.swift */ = {isa = PBXFileReference; lastKnownFileType = sourcecode.swift; path = AppDelegate.swift; sourceTree = "<group>"; };
		DF7E35752575EB97007C1B02 /* SceneDelegate.swift */ = {isa = PBXFileReference; lastKnownFileType = sourcecode.swift; path = SceneDelegate.swift; sourceTree = "<group>"; };
		DF7E35772575EB97007C1B02 /* ViewController.swift */ = {isa = PBXFileReference; lastKnownFileType = sourcecode.swift; path = ViewController.swift; sourceTree = "<group>"; };
		DF7E357A2575EB97007C1B02 /* Base */ = {isa = PBXFileReference; lastKnownFileType = file.storyboard; name = Base; path = Base.lproj/Main.storyboard; sourceTree = "<group>"; };
		DF7E357C2575EB99007C1B02 /* Assets.xcassets */ = {isa = PBXFileReference; lastKnownFileType = folder.assetcatalog; path = Assets.xcassets; sourceTree = "<group>"; };
		DF7E357F2575EB99007C1B02 /* Base */ = {isa = PBXFileReference; lastKnownFileType = file.storyboard; name = Base; path = Base.lproj/LaunchScreen.storyboard; sourceTree = "<group>"; };
		DF7E35812575EB99007C1B02 /* Info.plist */ = {isa = PBXFileReference; lastKnownFileType = text.plist.xml; path = Info.plist; sourceTree = "<group>"; };
		FD5572CE01F29B6DF9DD97AA /* Pods_testiOSappgit.framework */ = {isa = PBXFileReference; explicitFileType = wrapper.framework; includeInIndex = 0; path = Pods_testiOSappgit.framework; sourceTree = BUILT_PRODUCTS_DIR; };
/* End PBXFileReference section */

/* Begin PBXFrameworksBuildPhase section */
		DF7E356D2575EB97007C1B02 /* Frameworks */ = {
			isa = PBXFrameworksBuildPhase;
			buildActionMask = 2147483647;
			files = (
				84A00065846454210ECB44A6 /* Pods_testiOSappgit.framework in Frameworks */,
			);
			runOnlyForDeploymentPostprocessing = 0;
		};
/* End PBXFrameworksBuildPhase section */

/* Begin PBXGroup section */
		2583E4ABFF7F1533624BC7B9 /* Frameworks */ = {
			isa = PBXGroup;
			children = (
				FD5572CE01F29B6DF9DD97AA /* Pods_testiOSappgit.framework */,
			);
			name = Frameworks;
			sourceTree = "<group>";
		};
		A2F00FFB58A53E04D81C9189 /* Pods */ = {
			isa = PBXGroup;
			children = (
				741F7069D5067B75DF1E2350 /* Pods-testiOSappgit.debug.xcconfig */,
				74E21758E6CD1079C798823B /* Pods-testiOSappgit.release.xcconfig */,
			);
			name = Pods;
			path = Pods;
			sourceTree = "<group>";
		};
		DF7E35672575EB97007C1B02 = {
			isa = PBXGroup;
			children = (
				DF7E35722575EB97007C1B02 /* testiOSappgit */,
				DF7E35712575EB97007C1B02 /* Products */,
				A2F00FFB58A53E04D81C9189 /* Pods */,
				2583E4ABFF7F1533624BC7B9 /* Frameworks */,
			);
			sourceTree = "<group>";
		};
		DF7E35712575EB97007C1B02 /* Products */ = {
			isa = PBXGroup;
			children = (
				DF7E35702575EB97007C1B02 /* testiOSappgit.app */,
			);
			name = Products;
			sourceTree = "<group>";
		};
		DF7E35722575EB97007C1B02 /* testiOSappgit */ = {
			isa = PBXGroup;
			children = (
				DF7E35732575EB97007C1B02 /* AppDelegate.swift */,
				DF7E35752575EB97007C1B02 /* SceneDelegate.swift */,
				DF7E35772575EB97007C1B02 /* ViewController.swift */,
				DF7E35792575EB97007C1B02 /* Main.storyboard */,
				DF5BAE702575F52D004F4631 /* SearchVC.storyboard */,
				DF7E357C2575EB99007C1B02 /* Assets.xcassets */,
				DF7E357E2575EB99007C1B02 /* LaunchScreen.storyboard */,
				DF7E35812575EB99007C1B02 /* Info.plist */,
			);
			path = testiOSappgit;
			sourceTree = "<group>";
		};
/* End PBXGroup section */

/* Begin PBXNativeTarget section */
		DF7E356F2575EB97007C1B02 /* testiOSappgit */ = {
			isa = PBXNativeTarget;
			buildConfigurationList = DF7E35842575EB99007C1B02 /* Build configuration list for PBXNativeTarget "testiOSappgit" */;
			buildPhases = (
				BA39373FEFBFF572F9DF325F /* [CP] Check Pods Manifest.lock */,
				DF7E356C2575EB97007C1B02 /* Sources */,
				DF7E356D2575EB97007C1B02 /* Frameworks */,
				DF7E356E2575EB97007C1B02 /* Resources */,
				0854A0DEE9633882DDC3AFCB /* [CP] Embed Pods Frameworks */,
			);
			buildRules = (
			);
			dependencies = (
			);
			name = testiOSappgit;
			productName = testiOSappgit;
			productReference = DF7E35702575EB97007C1B02 /* testiOSappgit.app */;
			productType = "com.apple.product-type.application";
		};
/* End PBXNativeTarget section */

/* Begin PBXProject section */
		DF7E35682575EB97007C1B02 /* Project object */ = {
			isa = PBXProject;
			attributes = {
				LastSwiftUpdateCheck = 1210;
				LastUpgradeCheck = 1210;
				TargetAttributes = {
					DF7E356F2575EB97007C1B02 = {
						CreatedOnToolsVersion = 12.1;
					};
				};
			};
			buildConfigurationList = DF7E356B2575EB97007C1B02 /* Build configuration list for PBXProject "testiOSappgit" */;
			compatibilityVersion = "Xcode 9.3";
			developmentRegion = en;
			hasScannedForEncodings = 0;
			knownRegions = (
				en,
				Base,
			);
			mainGroup = DF7E35672575EB97007C1B02;
			productRefGroup = DF7E35712575EB97007C1B02 /* Products */;
			projectDirPath = "";
			projectRoot = "";
			targets = (
				DF7E356F2575EB97007C1B02 /* testiOSappgit */,
			);
		};
/* End PBXProject section */

/* Begin PBXResourcesBuildPhase section */
		DF7E356E2575EB97007C1B02 /* Resources */ = {
			isa = PBXResourcesBuildPhase;
			buildActionMask = 2147483647;
			files = (
				DF7E35802575EB99007C1B02 /* LaunchScreen.storyboard in Resources */,
				DF5BAE712575F52D004F4631 /* SearchVC.storyboard in Resources */,
				DF7E357D2575EB99007C1B02 /* Assets.xcassets in Resources */,
				DF7E357B2575EB97007C1B02 /* Main.storyboard in Resources */,
			);
			runOnlyForDeploymentPostprocessing = 0;
		};
/* End PBXResourcesBuildPhase section */

/* Begin PBXShellScriptBuildPhase section */
		0854A0DEE9633882DDC3AFCB /* [CP] Embed Pods Frameworks */ = {
			isa = PBXShellScriptBuildPhase;
			buildActionMask = 2147483647;
			files = (
			);
			inputFileListPaths = (
				"${PODS_ROOT}/Target Support Files/Pods-testiOSappgit/Pods-testiOSappgit-frameworks-${CONFIGURATION}-input-files.xcfilelist",
			);
			name = "[CP] Embed Pods Frameworks";
			outputFileListPaths = (
				"${PODS_ROOT}/Target Support Files/Pods-testiOSappgit/Pods-testiOSappgit-frameworks-${CONFIGURATION}-output-files.xcfilelist",
			);
			runOnlyForDeploymentPostprocessing = 0;
			shellPath = /bin/sh;
			shellScript = "\"${PODS_ROOT}/Target Support Files/Pods-testiOSappgit/Pods-testiOSappgit-frameworks.sh\"\n";
			showEnvVarsInLog = 0;
		};
		BA39373FEFBFF572F9DF325F /* [CP] Check Pods Manifest.lock */ = {
			isa = PBXShellScriptBuildPhase;
			buildActionMask = 2147483647;
			files = (
			);
			inputFileListPaths = (
			);
			inputPaths = (
				"${PODS_PODFILE_DIR_PATH}/Podfile.lock",
				"${PODS_ROOT}/Manifest.lock",
			);
			name = "[CP] Check Pods Manifest.lock";
			outputFileListPaths = (
			);
			outputPaths = (
				"$(DERIVED_FILE_DIR)/Pods-testiOSappgit-checkManifestLockResult.txt",
			);
			runOnlyForDeploymentPostprocessing = 0;
			shellPath = /bin/sh;
			shellScript = "diff \"${PODS_PODFILE_DIR_PATH}/Podfile.lock\" \"${PODS_ROOT}/Manifest.lock\" > /dev/null\nif [ $? != 0 ] ; then\n    # print error to STDERR\n    echo \"error: The sandbox is not in sync with the Podfile.lock. Run 'pod install' or update your CocoaPods installation.\" >&2\n    exit 1\nfi\n# This output is used by Xcode 'outputs' to avoid re-running this script phase.\necho \"SUCCESS\" > \"${SCRIPT_OUTPUT_FILE_0}\"\n";
			showEnvVarsInLog = 0;
		};
/* End PBXShellScriptBuildPhase section */

/* Begin PBXSourcesBuildPhase section */
		DF7E356C2575EB97007C1B02 /* Sources */ = {
			isa = PBXSourcesBuildPhase;
			buildActionMask = 2147483647;
			files = (
				DF7E35782575EB97007C1B02 /* ViewController.swift in Sources */,
				DF7E35742575EB97007C1B02 /* AppDelegate.swift in Sources */,
				DF7E35762575EB97007C1B02 /* SceneDelegate.swift in Sources */,
			);
			runOnlyForDeploymentPostprocessing = 0;
		};
/* End PBXSourcesBuildPhase section */

/* Begin PBXVariantGroup section */
		DF7E35792575EB97007C1B02 /* Main.storyboard */ = {
			isa = PBXVariantGroup;
			children = (
				DF7E357A2575EB97007C1B02 /* Base */,
			);
			name = Main.storyboard;
			sourceTree = "<group>";
		};
		DF7E357E2575EB99007C1B02 /* LaunchScreen.storyboard */ = {
			isa = PBXVariantGroup;
			children = (
				DF7E357F2575EB99007C1B02 /* Base */,
			);
			name = LaunchScreen.storyboard;
			sourceTree = "<group>";
		};
/* End PBXVariantGroup section */

/* Begin XCBuildConfiguration section */
		DF7E35822575EB99007C1B02 /* Debug */ = {
			isa = XCBuildConfiguration;
			buildSettings = {
				ALWAYS_SEARCH_USER_PATHS = NO;
				CLANG_ANALYZER_NONNULL = YES;
				CLANG_ANALYZER_NUMBER_OBJECT_CONVERSION = YES_AGGRESSIVE;
				CLANG_CXX_LANGUAGE_STANDARD = "gnu++14";
				CLANG_CXX_LIBRARY = "libc++";
				CLANG_ENABLE_MODULES = YES;
				CLANG_ENABLE_OBJC_ARC = YES;
				CLANG_ENABLE_OBJC_WEAK = YES;
				CLANG_WARN_BLOCK_CAPTURE_AUTORELEASING = YES;
				CLANG_WARN_BOOL_CONVERSION = YES;
				CLANG_WARN_COMMA = YES;
				CLANG_WARN_CONSTANT_CONVERSION = YES;
				CLANG_WARN_DEPRECATED_OBJC_IMPLEMENTATIONS = YES;
				CLANG_WARN_DIRECT_OBJC_ISA_USAGE = YES_ERROR;
				CLANG_WARN_DOCUMENTATION_COMMENTS = YES;
				CLANG_WARN_EMPTY_BODY = YES;
				CLANG_WARN_ENUM_CONVERSION = YES;
				CLANG_WARN_INFINITE_RECURSION = YES;
				CLANG_WARN_INT_CONVERSION = YES;
				CLANG_WARN_NON_LITERAL_NULL_CONVERSION = YES;
				CLANG_WARN_OBJC_IMPLICIT_RETAIN_SELF = YES;
				CLANG_WARN_OBJC_LITERAL_CONVERSION = YES;
				CLANG_WARN_OBJC_ROOT_CLASS = YES_ERROR;
				CLANG_WARN_QUOTED_INCLUDE_IN_FRAMEWORK_HEADER = YES;
				CLANG_WARN_RANGE_LOOP_ANALYSIS = YES;
				CLANG_WARN_STRICT_PROTOTYPES = YES;
				CLANG_WARN_SUSPICIOUS_MOVE = YES;
				CLANG_WARN_UNGUARDED_AVAILABILITY = YES_AGGRESSIVE;
				CLANG_WARN_UNREACHABLE_CODE = YES;
				CLANG_WARN__DUPLICATE_METHOD_MATCH = YES;
				COPY_PHASE_STRIP = NO;
				DEBUG_INFORMATION_FORMAT = dwarf;
				ENABLE_STRICT_OBJC_MSGSEND = YES;
				ENABLE_TESTABILITY = YES;
				GCC_C_LANGUAGE_STANDARD = gnu11;
				GCC_DYNAMIC_NO_PIC = NO;
				GCC_NO_COMMON_BLOCKS = YES;
				GCC_OPTIMIZATION_LEVEL = 0;
				GCC_PREPROCESSOR_DEFINITIONS = (
					"DEBUG=1",
					"$(inherited)",
				);
				GCC_WARN_64_TO_32_BIT_CONVERSION = YES;
				GCC_WARN_ABOUT_RETURN_TYPE = YES_ERROR;
				GCC_WARN_UNDECLARED_SELECTOR = YES;
				GCC_WARN_UNINITIALIZED_AUTOS = YES_AGGRESSIVE;
				GCC_WARN_UNUSED_FUNCTION = YES;
				GCC_WARN_UNUSED_VARIABLE = YES;
				IPHONEOS_DEPLOYMENT_TARGET = 14.1;
				MTL_ENABLE_DEBUG_INFO = INCLUDE_SOURCE;
				MTL_FAST_MATH = YES;
				ONLY_ACTIVE_ARCH = YES;
				SDKROOT = iphoneos;
				SWIFT_ACTIVE_COMPILATION_CONDITIONS = DEBUG;
				SWIFT_OPTIMIZATION_LEVEL = "-Onone";
			};
			name = Debug;
		};
		DF7E35832575EB99007C1B02 /* Release */ = {
			isa = XCBuildConfiguration;
			buildSettings = {
				ALWAYS_SEARCH_USER_PATHS = NO;
				CLANG_ANALYZER_NONNULL = YES;
				CLANG_ANALYZER_NUMBER_OBJECT_CONVERSION = YES_AGGRESSIVE;
				CLANG_CXX_LANGUAGE_STANDARD = "gnu++14";
				CLANG_CXX_LIBRARY = "libc++";
				CLANG_ENABLE_MODULES = YES;
				CLANG_ENABLE_OBJC_ARC = YES;
				CLANG_ENABLE_OBJC_WEAK = YES;
				CLANG_WARN_BLOCK_CAPTURE_AUTORELEASING = YES;
				CLANG_WARN_BOOL_CONVERSION = YES;
				CLANG_WARN_COMMA = YES;
				CLANG_WARN_CONSTANT_CONVERSION = YES;
				CLANG_WARN_DEPRECATED_OBJC_IMPLEMENTATIONS = YES;
				CLANG_WARN_DIRECT_OBJC_ISA_USAGE = YES_ERROR;
				CLANG_WARN_DOCUMENTATION_COMMENTS = YES;
				CLANG_WARN_EMPTY_BODY = YES;
				CLANG_WARN_ENUM_CONVERSION = YES;
				CLANG_WARN_INFINITE_RECURSION = YES;
				CLANG_WARN_INT_CONVERSION = YES;
				CLANG_WARN_NON_LITERAL_NULL_CONVERSION = YES;
				CLANG_WARN_OBJC_IMPLICIT_RETAIN_SELF = YES;
				CLANG_WARN_OBJC_LITERAL_CONVERSION = YES;
				CLANG_WARN_OBJC_ROOT_CLASS = YES_ERROR;
				CLANG_WARN_QUOTED_INCLUDE_IN_FRAMEWORK_HEADER = YES;
				CLANG_WARN_RANGE_LOOP_ANALYSIS = YES;
				CLANG_WARN_STRICT_PROTOTYPES = YES;
				CLANG_WARN_SUSPICIOUS_MOVE = YES;
				CLANG_WARN_UNGUARDED_AVAILABILITY = YES_AGGRESSIVE;
				CLANG_WARN_UNREACHABLE_CODE = YES;
				CLANG_WARN__DUPLICATE_METHOD_MATCH = YES;
				COPY_PHASE_STRIP = NO;
				DEBUG_INFORMATION_FORMAT = "dwarf-with-dsym";
				ENABLE_NS_ASSERTIONS = NO;
				ENABLE_STRICT_OBJC_MSGSEND = YES;
				GCC_C_LANGUAGE_STANDARD = gnu11;
				GCC_NO_COMMON_BLOCKS = YES;
				GCC_WARN_64_TO_32_BIT_CONVERSION = YES;
				GCC_WARN_ABOUT_RETURN_TYPE = YES_ERROR;
				GCC_WARN_UNDECLARED_SELECTOR = YES;
				GCC_WARN_UNINITIALIZED_AUTOS = YES_AGGRESSIVE;
				GCC_WARN_UNUSED_FUNCTION = YES;
				GCC_WARN_UNUSED_VARIABLE = YES;
				IPHONEOS_DEPLOYMENT_TARGET = 14.1;
				MTL_ENABLE_DEBUG_INFO = NO;
				MTL_FAST_MATH = YES;
				SDKROOT = iphoneos;
				SWIFT_COMPILATION_MODE = wholemodule;
				SWIFT_OPTIMIZATION_LEVEL = "-O";
				VALIDATE_PRODUCT = YES;
			};
			name = Release;
		};
		DF7E35852575EB99007C1B02 /* Debug */ = {
			isa = XCBuildConfiguration;
			baseConfigurationReference = 741F7069D5067B75DF1E2350 /* Pods-testiOSappgit.debug.xcconfig */;
			buildSettings = {
				ASSETCATALOG_COMPILER_APPICON_NAME = AppIcon;
				ASSETCATALOG_COMPILER_GLOBAL_ACCENT_COLOR_NAME = AccentColor;
				CODE_SIGN_STYLE = Automatic;
				DEVELOPMENT_TEAM = 66G43JW698;
				INFOPLIST_FILE = testiOSappgit/Info.plist;
				LD_RUNPATH_SEARCH_PATHS = (
					"$(inherited)",
					"@executable_path/Frameworks",
				);
				PRODUCT_BUNDLE_IDENTIFIER = com.test.doang.testiOSappgit;
				PRODUCT_NAME = "$(TARGET_NAME)";
				SWIFT_VERSION = 5.0;
				TARGETED_DEVICE_FAMILY = "1,2";
			};
			name = Debug;
		};
		DF7E35862575EB99007C1B02 /* Release */ = {
			isa = XCBuildConfiguration;
			baseConfigurationReference = 74E21758E6CD1079C798823B /* Pods-testiOSappgit.release.xcconfig */;
			buildSettings = {
				ASSETCATALOG_COMPILER_APPICON_NAME = AppIcon;
				ASSETCATALOG_COMPILER_GLOBAL_ACCENT_COLOR_NAME = AccentColor;
				CODE_SIGN_STYLE = Automatic;
				DEVELOPMENT_TEAM = 66G43JW698;
				INFOPLIST_FILE = testiOSappgit/Info.plist;
				LD_RUNPATH_SEARCH_PATHS = (
					"$(inherited)",
					"@executable_path/Frameworks",
				);
				PRODUCT_BUNDLE_IDENTIFIER = com.test.doang.testiOSappgit;
				PRODUCT_NAME = "$(TARGET_NAME)";
				SWIFT_VERSION = 5.0;
				TARGETED_DEVICE_FAMILY = "1,2";
			};
			name = Release;
		};
/* End XCBuildConfiguration section */

/* Begin XCConfigurationList section */
		DF7E356B2575EB97007C1B02 /* Build configuration list for PBXProject "testiOSappgit" */ = {
			isa = XCConfigurationList;
			buildConfigurations = (
				DF7E35822575EB99007C1B02 /* Debug */,
				DF7E35832575EB99007C1B02 /* Release */,
			);
			defaultConfigurationIsVisible = 0;
			defaultConfigurationName = Release;
		};
		DF7E35842575EB99007C1B02 /* Build configuration list for PBXNativeTarget "testiOSappgit" */ = {
			isa = XCConfigurationList;
			buildConfigurations = (
				DF7E35852575EB99007C1B02 /* Debug */,
				DF7E35862575EB99007C1B02 /* Release */,
			);
			defaultConfigurationIsVisible = 0;
			defaultConfigurationName = Release;
		};
/* End XCConfigurationList section */
	};
	rootObject = DF7E35682575EB97007C1B02 /* Project object */;
}
